// !$*UTF8*$!
{
	archiveVersion = 1;
	classes = {
	};
	objectVersion = 50;
	objects = {

/* Begin PBXBuildFile section */
		B5DFAF1C21C8703E007E7A8B /* AppDelegate.swift in Sources */ = {isa = PBXBuildFile; fileRef = B5DFAF1B21C8703E007E7A8B /* AppDelegate.swift */; };
		B5DFAF1E21C8703E007E7A8B /* ViewController.swift in Sources */ = {isa = PBXBuildFile; fileRef = B5DFAF1D21C8703E007E7A8B /* ViewController.swift */; };
		B5DFAF2121C8703E007E7A8B /* Main.storyboard in Resources */ = {isa = PBXBuildFile; fileRef = B5DFAF1F21C8703E007E7A8B /* Main.storyboard */; };
		B5DFAF2321C8703F007E7A8B /* Assets.xcassets in Resources */ = {isa = PBXBuildFile; fileRef = B5DFAF2221C8703F007E7A8B /* Assets.xcassets */; };
		B5DFAF2621C8703F007E7A8B /* LaunchScreen.storyboard in Resources */ = {isa = PBXBuildFile; fileRef = B5DFAF2421C8703F007E7A8B /* LaunchScreen.storyboard */; };
		B5DFAF2E21C875D0007E7A8B /* MenuItemView.xib in Resources */ = {isa = PBXBuildFile; fileRef = B5DFAF2D21C875D0007E7A8B /* MenuItemView.xib */; };
		B5DFAF3021C8766A007E7A8B /* MenuItemView.swift in Sources */ = {isa = PBXBuildFile; fileRef = B5DFAF2F21C8766A007E7A8B /* MenuItemView.swift */; };
/* End PBXBuildFile section */

/* Begin PBXFileReference section */
		B5DFAF1821C8703E007E7A8B /* SampleCustomTabbar.app */ = {isa = PBXFileReference; explicitFileType = wrapper.application; includeInIndex = 0; path = SampleCustomTabbar.app; sourceTree = BUILT_PRODUCTS_DIR; };
		B5DFAF1B21C8703E007E7A8B /* AppDelegate.swift */ = {isa = PBXFileReference; lastKnownFileType = sourcecode.swift; path = AppDelegate.swift; sourceTree = "<group>"; };
		B5DFAF1D21C8703E007E7A8B /* ViewController.swift */ = {isa = PBXFileReference; lastKnownFileType = sourcecode.swift; path = ViewController.swift; sourceTree = "<group>"; };
		B5DFAF2021C8703E007E7A8B /* Base */ = {isa = PBXFileReference; lastKnownFileType = file.storyboard; name = Base; path = Base.lproj/Main.storyboard; sourceTree = "<group>"; };
		B5DFAF2221C8703F007E7A8B /* Assets.xcassets */ = {isa = PBXFileReference; lastKnownFileType = folder.assetcatalog; path = Assets.xcassets; sourceTree = "<group>"; };
		B5DFAF2521C8703F007E7A8B /* Base */ = {isa = PBXFileReference; lastKnownFileType = file.storyboard; name = Base; path = Base.lproj/LaunchScreen.storyboard; sourceTree = "<group>"; };
		B5DFAF2721C8703F007E7A8B /* Info.plist */ = {isa = PBXFileReference; lastKnownFileType = text.plist.xml; path = Info.plist; sourceTree = "<group>"; };
		B5DFAF2D21C875D0007E7A8B /* MenuItemView.xib */ = {isa = PBXFileReference; lastKnownFileType = file.xib; path = MenuItemView.xib; sourceTree = "<group>"; };
		B5DFAF2F21C8766A007E7A8B /* MenuItemView.swift */ = {isa = PBXFileReference; lastKnownFileType = sourcecode.swift; path = MenuItemView.swift; sourceTree = "<group>"; };
/* End PBXFileReference section */

/* Begin PBXFrameworksBuildPhase section */
		B5DFAF1521C8703E007E7A8B /* Frameworks */ = {
			isa = PBXFrameworksBuildPhase;
			buildActionMask = 2147483647;
			files = (
			);
			runOnlyForDeploymentPostprocessing = 0;
		};
/* End PBXFrameworksBuildPhase section */

/* Begin PBXGroup section */
		B5DFAF0F21C8703E007E7A8B = {
			isa = PBXGroup;
			children = (
				B5DFAF1A21C8703E007E7A8B /* SampleCustomTabbar */,
				B5DFAF1921C8703E007E7A8B /* Products */,
			);
			sourceTree = "<group>";
		};
		B5DFAF1921C8703E007E7A8B /* Products */ = {
			isa = PBXGroup;
			children = (
				B5DFAF1821C8703E007E7A8B /* SampleCustomTabbar.app */,
			);
			name = Products;
			sourceTree = "<group>";
		};
		B5DFAF1A21C8703E007E7A8B /* SampleCustomTabbar */ = {
			isa = PBXGroup;
			children = (
				B5DFAF1B21C8703E007E7A8B /* AppDelegate.swift */,
				B5DFAF1D21C8703E007E7A8B /* ViewController.swift */,
				B5DFAF1F21C8703E007E7A8B /* Main.storyboard */,
				B5DFAF2221C8703F007E7A8B /* Assets.xcassets */,
				B5DFAF2421C8703F007E7A8B /* LaunchScreen.storyboard */,
				B5DFAF2721C8703F007E7A8B /* Info.plist */,
				B5DFAF2D21C875D0007E7A8B /* MenuItemView.xib */,
				B5DFAF2F21C8766A007E7A8B /* MenuItemView.swift */,
			);
			path = SampleCustomTabbar;
			sourceTree = "<group>";
		};
/* End PBXGroup section */

/* Begin PBXNativeTarget section */
		B5DFAF1721C8703E007E7A8B /* SampleCustomTabbar */ = {
			isa = PBXNativeTarget;
			buildConfigurationList = B5DFAF2A21C8703F007E7A8B /* Build configuration list for PBXNativeTarget "SampleCustomTabbar" */;
			buildPhases = (
				B5DFAF1421C8703E007E7A8B /* Sources */,
				B5DFAF1521C8703E007E7A8B /* Frameworks */,
				B5DFAF1621C8703E007E7A8B /* Resources */,
			);
			buildRules = (
			);
			dependencies = (
			);
			name = SampleCustomTabbar;
			productName = SampleCustomTabbar;
			productReference = B5DFAF1821C8703E007E7A8B /* SampleCustomTabbar.app */;
			productType = "com.apple.product-type.application";
		};
/* End PBXNativeTarget section */

/* Begin PBXProject section */
		B5DFAF1021C8703E007E7A8B /* Project object */ = {
			isa = PBXProject;
			attributes = {
				LastSwiftUpdateCheck = 1010;
				LastUpgradeCheck = 1010;
				ORGANIZATIONNAME = kcs;
				TargetAttributes = {
					B5DFAF1721C8703E007E7A8B = {
						CreatedOnToolsVersion = 10.1;
					};
				};
			};
			buildConfigurationList = B5DFAF1321C8703E007E7A8B /* Build configuration list for PBXProject "SampleCustomTabbar" */;
			compatibilityVersion = "Xcode 9.3";
			developmentRegion = en;
			hasScannedForEncodings = 0;
			knownRegions = (
				en,
				Base,
			);
			mainGroup = B5DFAF0F21C8703E007E7A8B;
			productRefGroup = B5DFAF1921C8703E007E7A8B /* Products */;
			projectDirPath = "";
			projectRoot = "";
			targets = (
				B5DFAF1721C8703E007E7A8B /* SampleCustomTabbar */,
			);
		};
/* End PBXProject section */

/* Begin PBXResourcesBuildPhase section */
		B5DFAF1621C8703E007E7A8B /* Resources */ = {
			isa = PBXResourcesBuildPhase;
			buildActionMask = 2147483647;
			files = (
				B5DFAF2621C8703F007E7A8B /* LaunchScreen.storyboard in Resources */,
				B5DFAF2E21C875D0007E7A8B /* MenuItemView.xib in Resources */,
				B5DFAF2321C8703F007E7A8B /* Assets.xcassets in Resources */,
				B5DFAF2121C8703E007E7A8B /* Main.storyboard in Resources */,
			);
			runOnlyForDeploymentPostprocessing = 0;
		};
/* End PBXResourcesBuildPhase section */

/* Begin PBXSourcesBuildPhase section */
		B5DFAF1421C8703E007E7A8B /* Sources */ = {
			isa = PBXSourcesBuildPhase;
			buildActionMask = 2147483647;
			files = (
				B5DFAF1E21C8703E007E7A8B /* ViewController.swift in Sources */,
				B5DFAF3021C8766A007E7A8B /* MenuItemView.swift in Sources */,
				B5DFAF1C21C8703E007E7A8B /* AppDelegate.swift in Sources */,
			);
			runOnlyForDeploymentPostprocessing = 0;
		};
/* End PBXSourcesBuildPhase section */

/* Begin PBXVariantGroup section */
		B5DFAF1F21C8703E007E7A8B /* Main.storyboard */ = {
			isa = PBXVariantGroup;
			children = (
				B5DFAF2021C8703E007E7A8B /* Base */,
			);
			name = Main.storyboard;
			sourceTree = "<group>";
		};
		B5DFAF2421C8703F007E7A8B /* LaunchScreen.storyboard */ = {
			isa = PBXVariantGroup;
			children = (
				B5DFAF2521C8703F007E7A8B /* Base */,
			);
			name = LaunchScreen.storyboard;
			sourceTree = "<group>";
		};
/* End PBXVariantGroup section */

/* Begin XCBuildConfiguration section */
		B5DFAF2821C8703F007E7A8B /* Debug */ = {
			isa = XCBuildConfiguration;
			buildSettings = {
				ALWAYS_SEARCH_USER_PATHS = NO;
				CLANG_ANALYZER_NONNULL = YES;
				CLANG_ANALYZER_NUMBER_OBJECT_CONVERSION = YES_AGGRESSIVE;
				CLANG_CXX_LANGUAGE_STANDARD = "gnu++14";
				CLANG_CXX_LIBRARY = "libc++";
				CLANG_ENABLE_MODULES = YES;
				CLANG_ENABLE_OBJC_ARC = YES;
				CLANG_ENABLE_OBJC_WEAK = YES;
				CLANG_WARN_BLOCK_CAPTURE_AUTORELEASING = YES;
				CLANG_WARN_BOOL_CONVERSION = YES;
				CLANG_WARN_COMMA = YES;
				CLANG_WARN_CONSTANT_CONVERSION = YES;
				CLANG_WARN_DEPRECATED_OBJC_IMPLEMENTATIONS = YES;
				CLANG_WARN_DIRECT_OBJC_ISA_USAGE = YES_ERROR;
				CLANG_WARN_DOCUMENTATION_COMMENTS = YES;
				CLANG_WARN_EMPTY_BODY = YES;
				CLANG_WARN_ENUM_CONVERSION = YES;
				CLANG_WARN_INFINITE_RECURSION = YES;
				CLANG_WARN_INT_CONVERSION = YES;
				CLANG_WARN_NON_LITERAL_NULL_CONVERSION = YES;
				CLANG_WARN_OBJC_IMPLICIT_RETAIN_SELF = YES;
				CLANG_WARN_OBJC_LITERAL_CONVERSION = YES;
				CLANG_WARN_OBJC_ROOT_CLASS = YES_ERROR;
				CLANG_WARN_RANGE_LOOP_ANALYSIS = YES;
				CLANG_WARN_STRICT_PROTOTYPES = YES;
				CLANG_WARN_SUSPICIOUS_MOVE = YES;
				CLANG_WARN_UNGUARDED_AVAILABILITY = YES_AGGRESSIVE;
				CLANG_WARN_UNREACHABLE_CODE = YES;
				CLANG_WARN__DUPLICATE_METHOD_MATCH = YES;
				CODE_SIGN_IDENTITY = "iPhone Developer";
				COPY_PHASE_STRIP = NO;
				DEBUG_INFORMATION_FORMAT = dwarf;
				ENABLE_STRICT_OBJC_MSGSEND = YES;
				ENABLE_TESTABILITY = YES;
				GCC_C_LANGUAGE_STANDARD = gnu11;
				GCC_DYNAMIC_NO_PIC = NO;
				GCC_NO_COMMON_BLOCKS = YES;
				GCC_OPTIMIZATION_LEVEL = 0;
				GCC_PREPROCESSOR_DEFINITIONS = (
					"DEBUG=1",
					"$(inherited)",
				);
				GCC_WARN_64_TO_32_BIT_CONVERSION = YES;
				GCC_WARN_ABOUT_RETURN_TYPE = YES_ERROR;
				GCC_WARN_UNDECLARED_SELECTOR = YES;
				GCC_WARN_UNINITIALIZED_AUTOS = YES_AGGRESSIVE;
				GCC_WARN_UNUSED_FUNCTION = YES;
				GCC_WARN_UNUSED_VARIABLE = YES;
				IPHONEOS_DEPLOYMENT_TARGET = 12.1;
				MTL_ENABLE_DEBUG_INFO = INCLUDE_SOURCE;
				MTL_FAST_MATH = YES;
				ONLY_ACTIVE_ARCH = YES;
				SDKROOT = iphoneos;
				SWIFT_ACTIVE_COMPILATION_CONDITIONS = DEBUG;
				SWIFT_OPTIMIZATION_LEVEL = "-Onone";
			};
			name = Debug;
		};
		B5DFAF2921C8703F007E7A8B /* Release */ = {
			isa = XCBuildConfiguration;
			buildSettings = {
				ALWAYS_SEARCH_USER_PATHS = NO;
				CLANG_ANALYZER_NONNULL = YES;
				CLANG_ANALYZER_NUMBER_OBJECT_CONVERSION = YES_AGGRESSIVE;
				CLANG_CXX_LANGUAGE_STANDARD = "gnu++14";
				CLANG_CXX_LIBRARY = "libc++";
				CLANG_ENABLE_MODULES = YES;
				CLANG_ENABLE_OBJC_ARC = YES;
				CLANG_ENABLE_OBJC_WEAK = YES;
				CLANG_WARN_BLOCK_CAPTURE_AUTORELEASING = YES;
				CLANG_WARN_BOOL_CONVERSION = YES;
				CLANG_WARN_COMMA = YES;
				CLANG_WARN_CONSTANT_CONVERSION = YES;
				CLANG_WARN_DEPRECATED_OBJC_IMPLEMENTATIONS = YES;
				CLANG_WARN_DIRECT_OBJC_ISA_USAGE = YES_ERROR;
				CLANG_WARN_DOCUMENTATION_COMMENTS = YES;
				CLANG_WARN_EMPTY_BODY = YES;
				CLANG_WARN_ENUM_CONVERSION = YES;
				CLANG_WARN_INFINITE_RECURSION = YES;
				CLANG_WARN_INT_CONVERSION = YES;
				CLANG_WARN_NON_LITERAL_NULL_CONVERSION = YES;
				CLANG_WARN_OBJC_IMPLICIT_RETAIN_SELF = YES;
				CLANG_WARN_OBJC_LITERAL_CONVERSION = YES;
				CLANG_WARN_OBJC_ROOT_CLASS = YES_ERROR;
				CLANG_WARN_RANGE_LOOP_ANALYSIS = YES;
				CLANG_WARN_STRICT_PROTOTYPES = YES;
				CLANG_WARN_SUSPICIOUS_MOVE = YES;
				CLANG_WARN_UNGUARDED_AVAILABILITY = YES_AGGRESSIVE;
				CLANG_WARN_UNREACHABLE_CODE = YES;
				CLANG_WARN__DUPLICATE_METHOD_MATCH = YES;
				CODE_SIGN_IDENTITY = "iPhone Developer";
				COPY_PHASE_STRIP = NO;
				DEBUG_INFORMATION_FORMAT = "dwarf-with-dsym";
				ENABLE_NS_ASSERTIONS = NO;
				ENABLE_STRICT_OBJC_MSGSEND = YES;
				GCC_C_LANGUAGE_STANDARD = gnu11;
				GCC_NO_COMMON_BLOCKS = YES;
				GCC_WARN_64_TO_32_BIT_CONVERSION = YES;
				GCC_WARN_ABOUT_RETURN_TYPE = YES_ERROR;
				GCC_WARN_UNDECLARED_SELECTOR = YES;
				GCC_WARN_UNINITIALIZED_AUTOS = YES_AGGRESSIVE;
				GCC_WARN_UNUSED_FUNCTION = YES;
				GCC_WARN_UNUSED_VARIABLE = YES;
				IPHONEOS_DEPLOYMENT_TARGET = 12.1;
				MTL_ENABLE_DEBUG_INFO = NO;
				MTL_FAST_MATH = YES;
				SDKROOT = iphoneos;
				SWIFT_COMPILATION_MODE = wholemodule;
				SWIFT_OPTIMIZATION_LEVEL = "-O";
				VALIDATE_PRODUCT = YES;
			};
			name = Release;
		};
		B5DFAF2B21C8703F007E7A8B /* Debug */ = {
			isa = XCBuildConfiguration;
			buildSettings = {
				ASSETCATALOG_COMPILER_APPICON_NAME = AppIcon;
				CODE_SIGN_STYLE = Automatic;
				DEVELOPMENT_TEAM = 32Y6R7KP3R;
				INFOPLIST_FILE = SampleCustomTabbar/Info.plist;
				IPHONEOS_DEPLOYMENT_TARGET = 12.0;
				LD_RUNPATH_SEARCH_PATHS = (
					"$(inherited)",
					"@executable_path/Frameworks",
				);
				PRODUCT_BUNDLE_IDENTIFIER = com.SampleCustomTabbar;
				PRODUCT_NAME = "$(TARGET_NAME)";
				SWIFT_VERSION = 4.2;
				TARGETED_DEVICE_FAMILY = "1,2";
			};
			name = Debug;
		};
		B5DFAF2C21C8703F007E7A8B /* Release */ = {
			isa = XCBuildConfiguration;
			buildSettings = {
				ASSETCATALOG_COMPILER_APPICON_NAME = AppIcon;
				CODE_SIGN_STYLE = Automatic;
				DEVELOPMENT_TEAM = 32Y6R7KP3R;
				INFOPLIST_FILE = SampleCustomTabbar/Info.plist;
				IPHONEOS_DEPLOYMENT_TARGET = 12.0;
				LD_RUNPATH_SEARCH_PATHS = (
					"$(inherited)",
					"@executable_path/Frameworks",
				);
				PRODUCT_BUNDLE_IDENTIFIER = com.SampleCustomTabbar;
				PRODUCT_NAME = "$(TARGET_NAME)";
				SWIFT_VERSION = 4.2;
				TARGETED_DEVICE_FAMILY = "1,2";
			};
			name = Release;
		};
/* End XCBuildConfiguration section */

/* Begin XCConfigurationList section */
		B5DFAF1321C8703E007E7A8B /* Build configuration list for PBXProject "SampleCustomTabbar" */ = {
			isa = XCConfigurationList;
			buildConfigurations = (
				B5DFAF2821C8703F007E7A8B /* Debug */,
				B5DFAF2921C8703F007E7A8B /* Release */,
			);
			defaultConfigurationIsVisible = 0;
			defaultConfigurationName = Release;
		};
		B5DFAF2A21C8703F007E7A8B /* Build configuration list for PBXNativeTarget "SampleCustomTabbar" */ = {
			isa = XCConfigurationList;
			buildConfigurations = (
				B5DFAF2B21C8703F007E7A8B /* Debug */,
				B5DFAF2C21C8703F007E7A8B /* Release */,
			);
			defaultConfigurationIsVisible = 0;
			defaultConfigurationName = Release;
		};
/* End XCConfigurationList section */
	};
	rootObject = B5DFAF1021C8703E007E7A8B /* Project object */;
}
